// !$*UTF8*$!
{
	archiveVersion = 1;
	classes = {
	};
	objectVersion = 56;
	objects = {

/* Begin PBXBuildFile section */
		25158DA1291FE9E20064F75D /* list.c in Sources */ = {isa = PBXBuildFile; fileRef = 25158DA0291FE9E20064F75D /* list.c */; };
		255F1AD82940DE5A005D617E /* queue.c in Sources */ = {isa = PBXBuildFile; fileRef = 255F1AD12940DE5A005D617E /* queue.c */; };
		255F1AD92940DE5A005D617E /* stack.c in Sources */ = {isa = PBXBuildFile; fileRef = 255F1AD32940DE5A005D617E /* stack.c */; };
		255F1ADA2940DE5A005D617E /* test_queue_stack_set.c in Sources */ = {isa = PBXBuildFile; fileRef = 255F1AD52940DE5A005D617E /* test_queue_stack_set.c */; };
		255F1ADB2940DE5A005D617E /* set.c in Sources */ = {isa = PBXBuildFile; fileRef = 255F1AD72940DE5A005D617E /* set.c */; };
/* End PBXBuildFile section */

/* Begin PBXCopyFilesBuildPhase section */
		25DC2400291FE9170032F2A9 /* CopyFiles */ = {
			isa = PBXCopyFilesBuildPhase;
			buildActionMask = 2147483647;
			dstPath = /usr/share/man/man1/;
			dstSubfolderSpec = 0;
			files = (
			);
			runOnlyForDeploymentPostprocessing = 1;
		};
/* End PBXCopyFilesBuildPhase section */

/* Begin PBXFileReference section */
		25158DA0291FE9E20064F75D /* list.c */ = {isa = PBXFileReference; fileEncoding = 4; lastKnownFileType = sourcecode.c.c; path = list.c; sourceTree = "<group>"; };
		25158DA2291FE9E90064F75D /* list.h */ = {isa = PBXFileReference; lastKnownFileType = sourcecode.c.h; path = list.h; sourceTree = "<group>"; };
		255F1AD12940DE5A005D617E /* queue.c */ = {isa = PBXFileReference; fileEncoding = 4; lastKnownFileType = sourcecode.c.c; path = queue.c; sourceTree = "<group>"; };
		255F1AD22940DE5A005D617E /* queue.h */ = {isa = PBXFileReference; fileEncoding = 4; lastKnownFileType = sourcecode.c.h; path = queue.h; sourceTree = "<group>"; };
		255F1AD32940DE5A005D617E /* stack.c */ = {isa = PBXFileReference; fileEncoding = 4; lastKnownFileType = sourcecode.c.c; path = stack.c; sourceTree = "<group>"; };
		255F1AD42940DE5A005D617E /* set.h */ = {isa = PBXFileReference; fileEncoding = 4; lastKnownFileType = sourcecode.c.h; path = set.h; sourceTree = "<group>"; };
		255F1AD52940DE5A005D617E /* test_queue_stack_set.c */ = {isa = PBXFileReference; fileEncoding = 4; lastKnownFileType = sourcecode.c.c; path = test_queue_stack_set.c; sourceTree = "<group>"; };
		255F1AD62940DE5A005D617E /* stack.h */ = {isa = PBXFileReference; fileEncoding = 4; lastKnownFileType = sourcecode.c.h; path = stack.h; sourceTree = "<group>"; };
		255F1AD72940DE5A005D617E /* set.c */ = {isa = PBXFileReference; fileEncoding = 4; lastKnownFileType = sourcecode.c.c; path = set.c; sourceTree = "<group>"; };
		25DC2402291FE9170032F2A9 /* LAB 2 LÄNKADLISTA */ = {isa = PBXFileReference; explicitFileType = "compiled.mach-o.executable"; includeInIndex = 0; path = "LAB 2 LÄNKADLISTA"; sourceTree = BUILT_PRODUCTS_DIR; };
/* End PBXFileReference section */

/* Begin PBXFrameworksBuildPhase section */
		25DC23FF291FE9170032F2A9 /* Frameworks */ = {
			isa = PBXFrameworksBuildPhase;
			buildActionMask = 2147483647;
			files = (
			);
			runOnlyForDeploymentPostprocessing = 0;
		};
/* End PBXFrameworksBuildPhase section */

/* Begin PBXGroup section */
		25DC23F9291FE9170032F2A9 = {
			isa = PBXGroup;
			children = (
				25DC2404291FE9170032F2A9 /* LAB 2 LÄNKADLISTA */,
				25DC2403291FE9170032F2A9 /* Products */,
			);
			sourceTree = "<group>";
		};
		25DC2403291FE9170032F2A9 /* Products */ = {
			isa = PBXGroup;
			children = (
				25DC2402291FE9170032F2A9 /* LAB 2 LÄNKADLISTA */,
			);
			name = Products;
			sourceTree = "<group>";
		};
		25DC2404291FE9170032F2A9 /* LAB 2 LÄNKADLISTA */ = {
			isa = PBXGroup;
			children = (
				25158DA0291FE9E20064F75D /* list.c */,
				25158DA2291FE9E90064F75D /* list.h */,
				255F1AD12940DE5A005D617E /* queue.c */,
				255F1AD22940DE5A005D617E /* queue.h */,
				255F1AD72940DE5A005D617E /* set.c */,
				255F1AD42940DE5A005D617E /* set.h */,
				255F1AD32940DE5A005D617E /* stack.c */,
				255F1AD62940DE5A005D617E /* stack.h */,
				255F1AD52940DE5A005D617E /* test_queue_stack_set.c */,
			);
			path = "LAB 2 LÄNKADLISTA";
			sourceTree = "<group>";
		};
/* End PBXGroup section */

/* Begin PBXNativeTarget section */
		25DC2401291FE9170032F2A9 /* LAB 2 LÄNKADLISTA */ = {
			isa = PBXNativeTarget;
			buildConfigurationList = 25DC2409291FE9170032F2A9 /* Build configuration list for PBXNativeTarget "LAB 2 LÄNKADLISTA" */;
			buildPhases = (
				25DC23FE291FE9170032F2A9 /* Sources */,
				25DC23FF291FE9170032F2A9 /* Frameworks */,
				25DC2400291FE9170032F2A9 /* CopyFiles */,
			);
			buildRules = (
			);
			dependencies = (
			);
			name = "LAB 2 LÄNKADLISTA";
			productName = "LAB 2 LÄNKADLISTA";
			productReference = 25DC2402291FE9170032F2A9 /* LAB 2 LÄNKADLISTA */;
			productType = "com.apple.product-type.tool";
		};
/* End PBXNativeTarget section */

/* Begin PBXProject section */
		25DC23FA291FE9170032F2A9 /* Project object */ = {
			isa = PBXProject;
			attributes = {
				BuildIndependentTargetsInParallel = 1;
				LastUpgradeCheck = 1400;
				TargetAttributes = {
					25DC2401291FE9170032F2A9 = {
						CreatedOnToolsVersion = 14.0;
					};
				};
			};
			buildConfigurationList = 25DC23FD291FE9170032F2A9 /* Build configuration list for PBXProject "LAB 2 LÄNKADLISTA" */;
			compatibilityVersion = "Xcode 14.0";
			developmentRegion = en;
			hasScannedForEncodings = 0;
			knownRegions = (
				en,
				Base,
			);
			mainGroup = 25DC23F9291FE9170032F2A9;
			productRefGroup = 25DC2403291FE9170032F2A9 /* Products */;
			projectDirPath = "";
			projectRoot = "";
			targets = (
				25DC2401291FE9170032F2A9 /* LAB 2 LÄNKADLISTA */,
			);
		};
/* End PBXProject section */

/* Begin PBXSourcesBuildPhase section */
		25DC23FE291FE9170032F2A9 /* Sources */ = {
			isa = PBXSourcesBuildPhase;
			buildActionMask = 2147483647;
			files = (
				255F1AD92940DE5A005D617E /* stack.c in Sources */,
				25158DA1291FE9E20064F75D /* list.c in Sources */,
				255F1AD82940DE5A005D617E /* queue.c in Sources */,
				255F1ADA2940DE5A005D617E /* test_queue_stack_set.c in Sources */,
				255F1ADB2940DE5A005D617E /* set.c in Sources */,
			);
			runOnlyForDeploymentPostprocessing = 0;
		};
/* End PBXSourcesBuildPhase section */

/* Begin XCBuildConfiguration section */
		25DC2407291FE9170032F2A9 /* Debug */ = {
			isa = XCBuildConfiguration;
			buildSettings = {
				ALWAYS_SEARCH_USER_PATHS = NO;
				CLANG_ANALYZER_NONNULL = YES;
				CLANG_ANALYZER_NUMBER_OBJECT_CONVERSION = YES_AGGRESSIVE;
				CLANG_CXX_LANGUAGE_STANDARD = "gnu++20";
				CLANG_ENABLE_MODULES = YES;
				CLANG_ENABLE_OBJC_ARC = YES;
				CLANG_ENABLE_OBJC_WEAK = YES;
				CLANG_WARN_BLOCK_CAPTURE_AUTORELEASING = YES;
				CLANG_WARN_BOOL_CONVERSION = YES;
				CLANG_WARN_COMMA = YES;
				CLANG_WARN_CONSTANT_CONVERSION = YES;
				CLANG_WARN_DEPRECATED_OBJC_IMPLEMENTATIONS = YES;
				CLANG_WARN_DIRECT_OBJC_ISA_USAGE = YES_ERROR;
				CLANG_WARN_DOCUMENTATION_COMMENTS = YES;
				CLANG_WARN_EMPTY_BODY = YES;
				CLANG_WARN_ENUM_CONVERSION = YES;
				CLANG_WARN_INFINITE_RECURSION = YES;
				CLANG_WARN_INT_CONVERSION = YES;
				CLANG_WARN_NON_LITERAL_NULL_CONVERSION = YES;
				CLANG_WARN_OBJC_IMPLICIT_RETAIN_SELF = YES;
				CLANG_WARN_OBJC_LITERAL_CONVERSION = YES;
				CLANG_WARN_OBJC_ROOT_CLASS = YES_ERROR;
				CLANG_WARN_QUOTED_INCLUDE_IN_FRAMEWORK_HEADER = YES;
				CLANG_WARN_RANGE_LOOP_ANALYSIS = YES;
				CLANG_WARN_STRICT_PROTOTYPES = YES;
				CLANG_WARN_SUSPICIOUS_MOVE = YES;
				CLANG_WARN_UNGUARDED_AVAILABILITY = YES_AGGRESSIVE;
				CLANG_WARN_UNREACHABLE_CODE = YES;
				CLANG_WARN__DUPLICATE_METHOD_MATCH = YES;
				COPY_PHASE_STRIP = NO;
				DEBUG_INFORMATION_FORMAT = dwarf;
				ENABLE_STRICT_OBJC_MSGSEND = YES;
				ENABLE_TESTABILITY = YES;
				GCC_C_LANGUAGE_STANDARD = gnu11;
				GCC_DYNAMIC_NO_PIC = NO;
				GCC_NO_COMMON_BLOCKS = YES;
				GCC_OPTIMIZATION_LEVEL = 0;
				GCC_PREPROCESSOR_DEFINITIONS = (
					"DEBUG=1",
					"$(inherited)",
				);
				GCC_WARN_64_TO_32_BIT_CONVERSION = YES;
				GCC_WARN_ABOUT_RETURN_TYPE = YES_ERROR;
				GCC_WARN_UNDECLARED_SELECTOR = YES;
				GCC_WARN_UNINITIALIZED_AUTOS = YES_AGGRESSIVE;
				GCC_WARN_UNUSED_FUNCTION = YES;
				GCC_WARN_UNUSED_VARIABLE = YES;
				MACOSX_DEPLOYMENT_TARGET = 12.3;
				MTL_ENABLE_DEBUG_INFO = INCLUDE_SOURCE;
				MTL_FAST_MATH = YES;
				ONLY_ACTIVE_ARCH = YES;
				SDKROOT = macosx;
			};
			name = Debug;
		};
		25DC2408291FE9170032F2A9 /* Release */ = {
			isa = XCBuildConfiguration;
			buildSettings = {
				ALWAYS_SEARCH_USER_PATHS = NO;
				CLANG_ANALYZER_NONNULL = YES;
				CLANG_ANALYZER_NUMBER_OBJECT_CONVERSION = YES_AGGRESSIVE;
				CLANG_CXX_LANGUAGE_STANDARD = "gnu++20";
				CLANG_ENABLE_MODULES = YES;
				CLANG_ENABLE_OBJC_ARC = YES;
				CLANG_ENABLE_OBJC_WEAK = YES;
				CLANG_WARN_BLOCK_CAPTURE_AUTORELEASING = YES;
				CLANG_WARN_BOOL_CONVERSION = YES;
				CLANG_WARN_COMMA = YES;
				CLANG_WARN_CONSTANT_CONVERSION = YES;
				CLANG_WARN_DEPRECATED_OBJC_IMPLEMENTATIONS = YES;
				CLANG_WARN_DIRECT_OBJC_ISA_USAGE = YES_ERROR;
				CLANG_WARN_DOCUMENTATION_COMMENTS = YES;
				CLANG_WARN_EMPTY_BODY = YES;
				CLANG_WARN_ENUM_CONVERSION = YES;
				CLANG_WARN_INFINITE_RECURSION = YES;
				CLANG_WARN_INT_CONVERSION = YES;
				CLANG_WARN_NON_LITERAL_NULL_CONVERSION = YES;
				CLANG_WARN_OBJC_IMPLICIT_RETAIN_SELF = YES;
				CLANG_WARN_OBJC_LITERAL_CONVERSION = YES;
				CLANG_WARN_OBJC_ROOT_CLASS = YES_ERROR;
				CLANG_WARN_QUOTED_INCLUDE_IN_FRAMEWORK_HEADER = YES;
				CLANG_WARN_RANGE_LOOP_ANALYSIS = YES;
				CLANG_WARN_STRICT_PROTOTYPES = YES;
				CLANG_WARN_SUSPICIOUS_MOVE = YES;
				CLANG_WARN_UNGUARDED_AVAILABILITY = YES_AGGRESSIVE;
				CLANG_WARN_UNREACHABLE_CODE = YES;
				CLANG_WARN__DUPLICATE_METHOD_MATCH = YES;
				COPY_PHASE_STRIP = NO;
				DEBUG_INFORMATION_FORMAT = "dwarf-with-dsym";
				ENABLE_NS_ASSERTIONS = NO;
				ENABLE_STRICT_OBJC_MSGSEND = YES;
				GCC_C_LANGUAGE_STANDARD = gnu11;
				GCC_NO_COMMON_BLOCKS = YES;
				GCC_WARN_64_TO_32_BIT_CONVERSION = YES;
				GCC_WARN_ABOUT_RETURN_TYPE = YES_ERROR;
				GCC_WARN_UNDECLARED_SELECTOR = YES;
				GCC_WARN_UNINITIALIZED_AUTOS = YES_AGGRESSIVE;
				GCC_WARN_UNUSED_FUNCTION = YES;
				GCC_WARN_UNUSED_VARIABLE = YES;
				MACOSX_DEPLOYMENT_TARGET = 12.3;
				MTL_ENABLE_DEBUG_INFO = NO;
				MTL_FAST_MATH = YES;
				SDKROOT = macosx;
			};
			name = Release;
		};
		25DC240A291FE9170032F2A9 /* Debug */ = {
			isa = XCBuildConfiguration;
			buildSettings = {
				CODE_SIGN_STYLE = Automatic;
				PRODUCT_NAME = "$(TARGET_NAME)";
			};
			name = Debug;
		};
		25DC240B291FE9170032F2A9 /* Release */ = {
			isa = XCBuildConfiguration;
			buildSettings = {
				CODE_SIGN_STYLE = Automatic;
				PRODUCT_NAME = "$(TARGET_NAME)";
			};
			name = Release;
		};
/* End XCBuildConfiguration section */

/* Begin XCConfigurationList section */
		25DC23FD291FE9170032F2A9 /* Build configuration list for PBXProject "LAB 2 LÄNKADLISTA" */ = {
			isa = XCConfigurationList;
			buildConfigurations = (
				25DC2407291FE9170032F2A9 /* Debug */,
				25DC2408291FE9170032F2A9 /* Release */,
			);
			defaultConfigurationIsVisible = 0;
			defaultConfigurationName = Release;
		};
		25DC2409291FE9170032F2A9 /* Build configuration list for PBXNativeTarget "LAB 2 LÄNKADLISTA" */ = {
			isa = XCConfigurationList;
			buildConfigurations = (
				25DC240A291FE9170032F2A9 /* Debug */,
				25DC240B291FE9170032F2A9 /* Release */,
			);
			defaultConfigurationIsVisible = 0;
			defaultConfigurationName = Release;
		};
/* End XCConfigurationList section */
	};
	rootObject = 25DC23FA291FE9170032F2A9 /* Project object */;
}
